{
  "lockfile-version": 1,
  "manifest": {
    "version": 1,
    "install": {
      "python3": {
        "pkg-path": "python3"
      }
    },
    "hook": {
      "on-activate": "  (\n    source \".venv/bin/activate\"\n    # install the dependencies for this project based on pyproject.toml\n    # <https://pip.pypa.io/en/stable/cli/pip_install/>\n    pip install -e . --quiet\n  )\n"
    },
    "profile": {
      "bash": "  # Autogenerated by Flox\n\n  echo \"Activating python virtual environment\" >&2\n  source \".venv/bin/activate\"\n\n  # End autogenerated by Flox\n",
      "zsh": "  # Autogenerated by Flox\n\n  echo \"Activating python virtual environment\" >&2\n  source \".venv/bin/activate\"\n\n  # End autogenerated by Flox\n",
      "fish": "  # Autogenerated by Flox\n\n  echo \"Activating python virtual environment\" >&2\n  source \".venv/bin/activate.fish\"\n\n  # End autogenerated by Flox\n",
      "tcsh": "  # Autogenerated by Flox\n\n  echo \"Activating python virtual environment\" >&2\n  source \".venv/bin/activate.csh\"\n\n  # End autogenerated by Flox\n"
    },
    "options": {
      "systems": [
        "aarch64-darwin",
        "aarch64-linux",
        "x86_64-darwin",
        "x86_64-linux"
      ]
    }
  },
  "packages": [
    {
      "attr_path": "python3",
      "broken": false,
      "derivation": "/nix/store/hrard23qy2n8hlq6jr9pg94ymjvrf7mg-python3-3.13.5.drv",
      "description": "High-level dynamically-typed programming language",
      "install_id": "python3",
      "license": "Python-2.0",
      "locked_url": "https://github.com/flox/nixpkgs?rev=62e0f05ede1da0d54515d4ea8ce9c733f12d9f08",
      "name": "python3-3.13.5",
      "pname": "python3",
      "rev": "62e0f05ede1da0d54515d4ea8ce9c733f12d9f08",
      "rev_count": 830073,
      "rev_date": "2025-07-14T08:06:13Z",
      "scrape_date": "2025-07-16T00:32:29.226010Z",
      "stabilities": [
        "unstable"
      ],
      "unfree": false,
      "version": "3.13.5",
      "outputs_to_install": [
        "out"
      ],
      "outputs": {
        "out": "/nix/store/riv3i1wrig5kaf89wgpx46581f71gfqb-python3-3.13.5"
      },
      "system": "aarch64-darwin",
      "group": "toplevel",
      "priority": 5
    },
    {
      "attr_path": "python3",
      "broken": false,
      "derivation": "/nix/store/c78k7nlp76f7xyz0r31bkafgb8aaybki-python3-3.13.5.drv",
      "description": "High-level dynamically-typed programming language",
      "install_id": "python3",
      "license": "Python-2.0",
      "locked_url": "https://github.com/flox/nixpkgs?rev=62e0f05ede1da0d54515d4ea8ce9c733f12d9f08",
      "name": "python3-3.13.5",
      "pname": "python3",
      "rev": "62e0f05ede1da0d54515d4ea8ce9c733f12d9f08",
      "rev_count": 830073,
      "rev_date": "2025-07-14T08:06:13Z",
      "scrape_date": "2025-07-16T00:57:40.047124Z",
      "stabilities": [
        "unstable"
      ],
      "unfree": false,
      "version": "3.13.5",
      "outputs_to_install": [
        "out"
      ],
      "outputs": {
        "debug": "/nix/store/z90g6ca112y3jgdjqalpznrnlg8i9cab-python3-3.13.5-debug",
        "out": "/nix/store/chgczp3c2zsr14bxkx9vfwsywajbgbgg-python3-3.13.5"
      },
      "system": "aarch64-linux",
      "group": "toplevel",
      "priority": 5
    },
    {
      "attr_path": "python3",
      "broken": false,
      "derivation": "/nix/store/h374kf34b54w4wkrhh19mplha17hcc2z-python3-3.13.5.drv",
      "description": "High-level dynamically-typed programming language",
      "install_id": "python3",
      "license": "Python-2.0",
      "locked_url": "https://github.com/flox/nixpkgs?rev=62e0f05ede1da0d54515d4ea8ce9c733f12d9f08",
      "name": "python3-3.13.5",
      "pname": "python3",
      "rev": "62e0f05ede1da0d54515d4ea8ce9c733f12d9f08",
      "rev_count": 830073,
      "rev_date": "2025-07-14T08:06:13Z",
      "scrape_date": "2025-07-16T01:19:04.006972Z",
      "stabilities": [
        "unstable"
      ],
      "unfree": false,
      "version": "3.13.5",
      "outputs_to_install": [
        "out"
      ],
      "outputs": {
        "out": "/nix/store/zvsvpabmbi49sczlbhn7908g1c1qphdg-python3-3.13.5"
      },
      "system": "x86_64-darwin",
      "group": "toplevel",
      "priority": 5
    },
    {
      "attr_path": "python3",
      "broken": false,
      "derivation": "/nix/store/v1fqi3zvjbs36z3hvy9bfk9bpvb9bsck-python3-3.13.5.drv",
      "description": "High-level dynamically-typed programming language",
      "install_id": "python3",
      "license": "Python-2.0",
      "locked_url": "https://github.com/flox/nixpkgs?rev=62e0f05ede1da0d54515d4ea8ce9c733f12d9f08",
      "name": "python3-3.13.5",
      "pname": "python3",
      "rev": "62e0f05ede1da0d54515d4ea8ce9c733f12d9f08",
      "rev_count": 830073,
      "rev_date": "2025-07-14T08:06:13Z",
      "scrape_date": "2025-07-16T01:45:28.906Z",
      "stabilities": [
        "unstable"
      ],
      "unfree": false,
      "version": "3.13.5",
      "outputs_to_install": [
        "out"
      ],
      "outputs": {
        "debug": "/nix/store/wv1jq7hs7iy0jk28bvqd3dhyp5hbrvlb-python3-3.13.5-debug",
        "out": "/nix/store/djck7mx6jad1w0yy6zings96dyxanls6-python3-3.13.5"
      },
      "system": "x86_64-linux",
      "group": "toplevel",
      "priority": 5
    }
  ]
}