{
  "lockfile-version": 1,
  "manifest": {
    "version": 1,
    "install": {
      "python3": {
        "pkg-path": "python3"
      },
      "uv": {
        "pkg-path": "uv"
      }
    },
    "hook": {
      "on-activate": "  (\n    # Create virtual environment if it doesn't exist\n    if [ ! -d \".venv\" ]; then\n      echo \"Creating Python virtual environment...\" >&2\n      python3 -m venv .venv\n    fi\n\n    source \".venv/bin/activate\"\n    # install the dependencies for this project based on pyproject.toml\n    # <https://pip.pypa.io/en/stable/cli/pip_install/>\n    pip install -e . --quiet\n  )\n"
    },
    "profile": {
      "bash": "  # Autogenerated by Flox\n\n  if [ -d \".venv\" ]; then\n    echo \"Activating python virtual environment\" >&2\n    source \".venv/bin/activate\"\n  fi\n\n  # End autogenerated by Flox\n",
      "zsh": "  # Autogenerated by Flox\n\n  if [ -d \".venv\" ]; then\n    echo \"Activating python virtual environment\" >&2\n    source \".venv/bin/activate\"\n  fi\n\n  # End autogenerated by Flox\n",
      "fish": "  # Autogenerated by Flox\n\n  echo \"Activating python virtual environment\" >&2\n  source \".venv/bin/activate.fish\"\n\n  # End autogenerated by Flox\n",
      "tcsh": "  # Autogenerated by Flox\n\n  echo \"Activating python virtual environment\" >&2\n  source \".venv/bin/activate.csh\"\n\n  # End autogenerated by Flox\n"
    },
    "options": {
      "systems": [
        "aarch64-darwin",
        "aarch64-linux",
        "x86_64-darwin",
        "x86_64-linux"
      ]
    }
  },
  "packages": [
    {
      "attr_path": "python3",
      "broken": false,
      "derivation": "/nix/store/danprwy8gn33fdcbw1g7abm20m49f3d4-python3-3.13.5.drv",
      "description": "High-level dynamically-typed programming language",
      "install_id": "python3",
      "license": "Python-2.0",
      "locked_url": "https://github.com/flox/nixpkgs?rev=7fd36ee82c0275fb545775cc5e4d30542899511d",
      "name": "python3-3.13.5",
      "pname": "python3",
      "rev": "7fd36ee82c0275fb545775cc5e4d30542899511d",
      "rev_count": 834672,
      "rev_date": "2025-07-25T07:48:04Z",
      "scrape_date": "2025-07-27T00:28:30.421640Z",
      "stabilities": [
        "unstable"
      ],
      "unfree": false,
      "version": "3.13.5",
      "outputs_to_install": [
        "out"
      ],
      "outputs": {
        "out": "/nix/store/riv3i1wrig5kaf89wgpx46581f71gfqb-python3-3.13.5"
      },
      "system": "aarch64-darwin",
      "group": "toplevel",
      "priority": 5
    },
    {
      "attr_path": "python3",
      "broken": false,
      "derivation": "/nix/store/6ylkkj02kqpsl5b1g7c7lgdywpblx4s1-python3-3.13.5.drv",
      "description": "High-level dynamically-typed programming language",
      "install_id": "python3",
      "license": "Python-2.0",
      "locked_url": "https://github.com/flox/nixpkgs?rev=7fd36ee82c0275fb545775cc5e4d30542899511d",
      "name": "python3-3.13.5",
      "pname": "python3",
      "rev": "7fd36ee82c0275fb545775cc5e4d30542899511d",
      "rev_count": 834672,
      "rev_date": "2025-07-25T07:48:04Z",
      "scrape_date": "2025-07-27T00:48:32.617715Z",
      "stabilities": [
        "unstable"
      ],
      "unfree": false,
      "version": "3.13.5",
      "outputs_to_install": [
        "out"
      ],
      "outputs": {
        "debug": "/nix/store/z90g6ca112y3jgdjqalpznrnlg8i9cab-python3-3.13.5-debug",
        "out": "/nix/store/chgczp3c2zsr14bxkx9vfwsywajbgbgg-python3-3.13.5"
      },
      "system": "aarch64-linux",
      "group": "toplevel",
      "priority": 5
    },
    {
      "attr_path": "python3",
      "broken": false,
      "derivation": "/nix/store/fnl5d18ndak58bwl4d4m0zdak6pgfwsf-python3-3.13.5.drv",
      "description": "High-level dynamically-typed programming language",
      "install_id": "python3",
      "license": "Python-2.0",
      "locked_url": "https://github.com/flox/nixpkgs?rev=7fd36ee82c0275fb545775cc5e4d30542899511d",
      "name": "python3-3.13.5",
      "pname": "python3",
      "rev": "7fd36ee82c0275fb545775cc5e4d30542899511d",
      "rev_count": 834672,
      "rev_date": "2025-07-25T07:48:04Z",
      "scrape_date": "2025-07-27T01:07:03.849156Z",
      "stabilities": [
        "unstable"
      ],
      "unfree": false,
      "version": "3.13.5",
      "outputs_to_install": [
        "out"
      ],
      "outputs": {
        "out": "/nix/store/zvsvpabmbi49sczlbhn7908g1c1qphdg-python3-3.13.5"
      },
      "system": "x86_64-darwin",
      "group": "toplevel",
      "priority": 5
    },
    {
      "attr_path": "python3",
      "broken": false,
      "derivation": "/nix/store/i1zsn6jkc1fpcd13kva4mr90gh3vmkrc-python3-3.13.5.drv",
      "description": "High-level dynamically-typed programming language",
      "install_id": "python3",
      "license": "Python-2.0",
      "locked_url": "https://github.com/flox/nixpkgs?rev=7fd36ee82c0275fb545775cc5e4d30542899511d",
      "name": "python3-3.13.5",
      "pname": "python3",
      "rev": "7fd36ee82c0275fb545775cc5e4d30542899511d",
      "rev_count": 834672,
      "rev_date": "2025-07-25T07:48:04Z",
      "scrape_date": "2025-07-27T01:29:18.011503Z",
      "stabilities": [
        "unstable"
      ],
      "unfree": false,
      "version": "3.13.5",
      "outputs_to_install": [
        "out"
      ],
      "outputs": {
        "debug": "/nix/store/wv1jq7hs7iy0jk28bvqd3dhyp5hbrvlb-python3-3.13.5-debug",
        "out": "/nix/store/djck7mx6jad1w0yy6zings96dyxanls6-python3-3.13.5"
      },
      "system": "x86_64-linux",
      "group": "toplevel",
      "priority": 5
    },
    {
      "attr_path": "uv",
      "broken": false,
      "derivation": "/nix/store/6fya4c5592k8qfjnmmzvqrqxvdpbghjf-uv-0.8.2.drv",
      "description": "Extremely fast Python package installer and resolver, written in Rust",
      "install_id": "uv",
      "license": "[ Apache-2.0, MIT ]",
      "locked_url": "https://github.com/flox/nixpkgs?rev=7fd36ee82c0275fb545775cc5e4d30542899511d",
      "name": "uv-0.8.2",
      "pname": "uv",
      "rev": "7fd36ee82c0275fb545775cc5e4d30542899511d",
      "rev_count": 834672,
      "rev_date": "2025-07-25T07:48:04Z",
      "scrape_date": "2025-07-27T00:29:20.507697Z",
      "stabilities": [
        "unstable"
      ],
      "unfree": false,
      "version": "0.8.2",
      "outputs_to_install": [
        "out"
      ],
      "outputs": {
        "out": "/nix/store/6iy8d2cn8sykw5h8lzylc46vv3ah00p0-uv-0.8.2"
      },
      "system": "aarch64-darwin",
      "group": "toplevel",
      "priority": 5
    },
    {
      "attr_path": "uv",
      "broken": false,
      "derivation": "/nix/store/i7rqzrjlhaasccriv2znqswlvm6lqgi4-uv-0.8.2.drv",
      "description": "Extremely fast Python package installer and resolver, written in Rust",
      "install_id": "uv",
      "license": "[ Apache-2.0, MIT ]",
      "locked_url": "https://github.com/flox/nixpkgs?rev=7fd36ee82c0275fb545775cc5e4d30542899511d",
      "name": "uv-0.8.2",
      "pname": "uv",
      "rev": "7fd36ee82c0275fb545775cc5e4d30542899511d",
      "rev_count": 834672,
      "rev_date": "2025-07-25T07:48:04Z",
      "scrape_date": "2025-07-27T00:49:43.256383Z",
      "stabilities": [
        "unstable"
      ],
      "unfree": false,
      "version": "0.8.2",
      "outputs_to_install": [
        "out"
      ],
      "outputs": {
        "out": "/nix/store/mr45kbhf7s1slkm10ba21skch5qvbag3-uv-0.8.2"
      },
      "system": "aarch64-linux",
      "group": "toplevel",
      "priority": 5
    },
    {
      "attr_path": "uv",
      "broken": false,
      "derivation": "/nix/store/9v2rkrdk3dq1sy148vz2p6p10gyc0y87-uv-0.8.2.drv",
      "description": "Extremely fast Python package installer and resolver, written in Rust",
      "install_id": "uv",
      "license": "[ Apache-2.0, MIT ]",
      "locked_url": "https://github.com/flox/nixpkgs?rev=7fd36ee82c0275fb545775cc5e4d30542899511d",
      "name": "uv-0.8.2",
      "pname": "uv",
      "rev": "7fd36ee82c0275fb545775cc5e4d30542899511d",
      "rev_count": 834672,
      "rev_date": "2025-07-25T07:48:04Z",
      "scrape_date": "2025-07-27T01:07:54.194295Z",
      "stabilities": [
        "unstable"
      ],
      "unfree": false,
      "version": "0.8.2",
      "outputs_to_install": [
        "out"
      ],
      "outputs": {
        "out": "/nix/store/3k7b264mci6jgb8whw47wixjvfg8ws6g-uv-0.8.2"
      },
      "system": "x86_64-darwin",
      "group": "toplevel",
      "priority": 5
    },
    {
      "attr_path": "uv",
      "broken": false,
      "derivation": "/nix/store/1idfs6wgjj5vfvd945pxajyq466ix4gj-uv-0.8.2.drv",
      "description": "Extremely fast Python package installer and resolver, written in Rust",
      "install_id": "uv",
      "license": "[ Apache-2.0, MIT ]",
      "locked_url": "https://github.com/flox/nixpkgs?rev=7fd36ee82c0275fb545775cc5e4d30542899511d",
      "name": "uv-0.8.2",
      "pname": "uv",
      "rev": "7fd36ee82c0275fb545775cc5e4d30542899511d",
      "rev_count": 834672,
      "rev_date": "2025-07-25T07:48:04Z",
      "scrape_date": "2025-07-27T01:30:34.453930Z",
      "stabilities": [
        "unstable"
      ],
      "unfree": false,
      "version": "0.8.2",
      "outputs_to_install": [
        "out"
      ],
      "outputs": {
        "out": "/nix/store/sd4i4r0w1dx5bqxwlpgi5wrza8p850xp-uv-0.8.2"
      },
      "system": "x86_64-linux",
      "group": "toplevel",
      "priority": 5
    }
  ]
}